
Microsoft Visual Studio Solution File, Format Version 12.00
# Visual Studio 14
VisualStudioVersion = 14.0.23107.0
MinimumVisualStudioVersion = 10.0.40219.1
Project("{FAE04EC0-301F-11D3-BF4B-00C04F79EFBC}") = "Real Estate Web App", "Real Estate Web App\Real Estate Web App.csproj", "{3F1D2F7B-085F-4813-A0F1-DA62B568F498}"
EndProject
Global
	GlobalSection(SolutionConfigurationPlatforms) = preSolution
		Debug|Any CPU = Debug|Any CPU
		Release|Any CPU = Release|Any CPU
	EndGlobalSection
	GlobalSection(ProjectConfigurationPlatforms) = postSolution
		{3F1D2F7B-085F-4813-A0F1-DA62B568F498}.Debug|Any CPU.ActiveCfg = Debug|Any CPU
		{3F1D2F7B-085F-4813-A0F1-DA62B568F498}.Debug|Any CPU.Build.0 = Debug|Any CPU
		{3F1D2F7B-085F-4813-A0F1-DA62B568F498}.Release|Any CPU.ActiveCfg = Release|Any CPU
		{3F1D2F7B-085F-4813-A0F1-DA62B568F498}.Release|Any CPU.Build.0 = Release|Any CPU
	EndGlobalSection
	GlobalSection(SolutionProperties) = preSolution
		HideSolutionNode = FALSE
	EndGlobalSection
EndGlobal
